
Microsoft Visual Studio Solution File, Format Version 12.00
# Visual Studio 2013
VisualStudioVersion = 12.0.40629.0
MinimumVisualStudioVersion = 10.0.40219.1
Project("{FAE04EC0-301F-11D3-BF4B-00C04F79EFBC}") = "DrawbackAuthorizationServer", "DrawbackAuthorizationServer\DrawbackAuthorizationServer.csproj", "{C6629EB1-AD4F-476C-9DD2-441B67111F45}"
EndProject
Project("{FAE04EC0-301F-11D3-BF4B-00C04F79EFBC}") = "DrawbackResourceServer", "DrawbackResourceServer\DrawbackResourceServer.csproj", "{E6DE9EBD-BB02-435A-8D7C-E12F65607DB7}"
EndProject
Global
	GlobalSection(SolutionConfigurationPlatforms) = preSolution
		Debug|Any CPU = Debug|Any CPU
		Release|Any CPU = Release|Any CPU
	EndGlobalSection
	GlobalSection(ProjectConfigurationPlatforms) = postSolution
		{C6629EB1-AD4F-476C-9DD2-441B67111F45}.Debug|Any CPU.ActiveCfg = Debug|Any CPU
		{C6629EB1-AD4F-476C-9DD2-441B67111F45}.Debug|Any CPU.Build.0 = Debug|Any CPU
		{C6629EB1-AD4F-476C-9DD2-441B67111F45}.Release|Any CPU.ActiveCfg = Release|Any CPU
		{C6629EB1-AD4F-476C-9DD2-441B67111F45}.Release|Any CPU.Build.0 = Release|Any CPU
		{E6DE9EBD-BB02-435A-8D7C-E12F65607DB7}.Debug|Any CPU.ActiveCfg = Debug|Any CPU
		{E6DE9EBD-BB02-435A-8D7C-E12F65607DB7}.Debug|Any CPU.Build.0 = Debug|Any CPU
		{E6DE9EBD-BB02-435A-8D7C-E12F65607DB7}.Release|Any CPU.ActiveCfg = Release|Any CPU
		{E6DE9EBD-BB02-435A-8D7C-E12F65607DB7}.Release|Any CPU.Build.0 = Release|Any CPU
	EndGlobalSection
	GlobalSection(SolutionProperties) = preSolution
		HideSolutionNode = FALSE
	EndGlobalSection
EndGlobal
